
Microsoft Visual Studio Solution File, Format Version 12.00
# Visual Studio Version 17
VisualStudioVersion = 17.10.35004.147
MinimumVisualStudioVersion = 10.0.40219.1
Project("{FAE04EC0-301F-11D3-BF4B-00C04F79EFBC}") = "LabWork18.06.24", "LabWork18.06.24\LabWork18.06.24.csproj", "{D8668623-CD6D-482B-9824-EEEE304201A6}"
EndProject
Global
	GlobalSection(SolutionConfigurationPlatforms) = preSolution
		Debug|Any CPU = Debug|Any CPU
		Release|Any CPU = Release|Any CPU
	EndGlobalSection
	GlobalSection(ProjectConfigurationPlatforms) = postSolution
		{D8668623-CD6D-482B-9824-EEEE304201A6}.Debug|Any CPU.ActiveCfg = Debug|Any CPU
		{D8668623-CD6D-482B-9824-EEEE304201A6}.Debug|Any CPU.Build.0 = Debug|Any CPU
		{D8668623-CD6D-482B-9824-EEEE304201A6}.Release|Any CPU.ActiveCfg = Release|Any CPU
		{D8668623-CD6D-482B-9824-EEEE304201A6}.Release|Any CPU.Build.0 = Release|Any CPU
	EndGlobalSection
	GlobalSection(SolutionProperties) = preSolution
		HideSolutionNode = FALSE
	EndGlobalSection
	GlobalSection(ExtensibilityGlobals) = postSolution
		SolutionGuid = {C48AAA2A-F4F7-445E-9775-0C9A2FD1465C}
	EndGlobalSection
EndGlobal
